
Microsoft Visual Studio Solution File, Format Version 12.00
# Visual Studio Version 17
VisualStudioVersion = 17.3.32929.385
MinimumVisualStudioVersion = 10.0.40219.1
Project("{9A19103F-16F7-4668-BE54-9A1E7A4F7556}") = "Calculator", "Calculator\Calculator.csproj", "{7320D1B1-EA31-4114-9989-118B44A70A7A}"
EndProject
Project("{FAE04EC0-301F-11D3-BF4B-00C04F79EFBC}") = "ExerciseApi", "ExerciseApi\ExerciseApi.csproj", "{009B18AA-661F-4214-8E98-7F9B572D66BC}"
EndProject
Global
	GlobalSection(SolutionConfigurationPlatforms) = preSolution
		Debug|Any CPU = Debug|Any CPU
		Release|Any CPU = Release|Any CPU
	EndGlobalSection
	GlobalSection(ProjectConfigurationPlatforms) = postSolution
		{7320D1B1-EA31-4114-9989-118B44A70A7A}.Debug|Any CPU.ActiveCfg = Debug|Any CPU
		{7320D1B1-EA31-4114-9989-118B44A70A7A}.Debug|Any CPU.Build.0 = Debug|Any CPU
		{7320D1B1-EA31-4114-9989-118B44A70A7A}.Debug|Any CPU.Deploy.0 = Debug|Any CPU
		{7320D1B1-EA31-4114-9989-118B44A70A7A}.Release|Any CPU.ActiveCfg = Release|Any CPU
		{7320D1B1-EA31-4114-9989-118B44A70A7A}.Release|Any CPU.Build.0 = Release|Any CPU
		{7320D1B1-EA31-4114-9989-118B44A70A7A}.Release|Any CPU.Deploy.0 = Release|Any CPU
		{009B18AA-661F-4214-8E98-7F9B572D66BC}.Debug|Any CPU.ActiveCfg = Debug|Any CPU
		{009B18AA-661F-4214-8E98-7F9B572D66BC}.Debug|Any CPU.Build.0 = Debug|Any CPU
		{009B18AA-661F-4214-8E98-7F9B572D66BC}.Release|Any CPU.ActiveCfg = Release|Any CPU
		{009B18AA-661F-4214-8E98-7F9B572D66BC}.Release|Any CPU.Build.0 = Release|Any CPU
	EndGlobalSection
	GlobalSection(SolutionProperties) = preSolution
		HideSolutionNode = FALSE
	EndGlobalSection
	GlobalSection(ExtensibilityGlobals) = postSolution
		SolutionGuid = {4636F804-AF52-4BAB-AAFE-ADE67EEC11B6}
	EndGlobalSection
EndGlobal
